
Microsoft Visual Studio Solution File, Format Version 12.00
# Visual Studio 14
VisualStudioVersion = 14.0.25420.1
MinimumVisualStudioVersion = 10.0.40219.1
Project("{FAE04EC0-301F-11D3-BF4B-00C04F79EFBC}") = "Load_bank_files", "Load_bank_files.csproj", "{2C3D58F6-C58C-4222-876C-B7159D66B2C5}"
EndProject
Project("{54435603-DBB4-11D2-8724-00A0C9A8B90C}") = "InstallBanks", "..\InstallDir\InstallBanks\InstallBanks.vdproj", "{BC3CBFB0-9BFF-4309-AA05-EDA27BE51584}"
EndProject
Global
	GlobalSection(SolutionConfigurationPlatforms) = preSolution
		Debug|Any CPU = Debug|Any CPU
		Release|Any CPU = Release|Any CPU
	EndGlobalSection
	GlobalSection(ProjectConfigurationPlatforms) = postSolution
		{2C3D58F6-C58C-4222-876C-B7159D66B2C5}.Debug|Any CPU.ActiveCfg = Debug|Any CPU
		{2C3D58F6-C58C-4222-876C-B7159D66B2C5}.Debug|Any CPU.Build.0 = Debug|Any CPU
		{2C3D58F6-C58C-4222-876C-B7159D66B2C5}.Release|Any CPU.ActiveCfg = Release|Any CPU
		{2C3D58F6-C58C-4222-876C-B7159D66B2C5}.Release|Any CPU.Build.0 = Release|Any CPU
		{BC3CBFB0-9BFF-4309-AA05-EDA27BE51584}.Debug|Any CPU.ActiveCfg = Debug
		{BC3CBFB0-9BFF-4309-AA05-EDA27BE51584}.Release|Any CPU.ActiveCfg = Release
	EndGlobalSection
	GlobalSection(SolutionProperties) = preSolution
		HideSolutionNode = FALSE
	EndGlobalSection
EndGlobal
